
Microsoft Visual Studio Solution File, Format Version 12.00
# Visual Studio Version 17
VisualStudioVersion = 17.0.31903.59
MinimumVisualStudioVersion = 10.0.40219.1
Project("{FAE04EC0-301F-11D3-BF4B-00C04F79EFBC}") = "AutoChessSharp", "src\AutoChessSharp.Core\AutoChessSharp.Core.csproj", "{0F603C39-1157-40A3-92D5-9F29C782AD8F}"
EndProject
Project("{2150E333-8FDC-42A3-9474-1A3956D46DE8}") = "src", "src", "{EC5426E8-00D7-4C85-8236-C42DA98C4A37}"
EndProject
Project("{FAE04EC0-301F-11D3-BF4B-00C04F79EFBC}") = "AutoChessProgram", "src\AutoChessProgram\AutoChessProgram.csproj", "{AEBC3121-D15F-4C82-9241-C3F34E46E6B0}"
EndProject
Global
	GlobalSection(SolutionConfigurationPlatforms) = preSolution
		Debug|Any CPU = Debug|Any CPU
		Release|Any CPU = Release|Any CPU
	EndGlobalSection
	GlobalSection(SolutionProperties) = preSolution
		HideSolutionNode = FALSE
	EndGlobalSection
	GlobalSection(ProjectConfigurationPlatforms) = postSolution
		{0F603C39-1157-40A3-92D5-9F29C782AD8F}.Debug|Any CPU.ActiveCfg = Debug|Any CPU
		{0F603C39-1157-40A3-92D5-9F29C782AD8F}.Debug|Any CPU.Build.0 = Debug|Any CPU
		{0F603C39-1157-40A3-92D5-9F29C782AD8F}.Release|Any CPU.ActiveCfg = Release|Any CPU
		{0F603C39-1157-40A3-92D5-9F29C782AD8F}.Release|Any CPU.Build.0 = Release|Any CPU
		{AEBC3121-D15F-4C82-9241-C3F34E46E6B0}.Debug|Any CPU.ActiveCfg = Debug|Any CPU
		{AEBC3121-D15F-4C82-9241-C3F34E46E6B0}.Debug|Any CPU.Build.0 = Debug|Any CPU
		{AEBC3121-D15F-4C82-9241-C3F34E46E6B0}.Release|Any CPU.ActiveCfg = Release|Any CPU
		{AEBC3121-D15F-4C82-9241-C3F34E46E6B0}.Release|Any CPU.Build.0 = Release|Any CPU
	EndGlobalSection
	GlobalSection(NestedProjects) = preSolution
		{AEBC3121-D15F-4C82-9241-C3F34E46E6B0} = {EC5426E8-00D7-4C85-8236-C42DA98C4A37}
	EndGlobalSection
EndGlobal
